
Microsoft Visual Studio Solution File, Format Version 12.00
# Visual Studio Version 17
VisualStudioVersion = 17.3.32825.248
MinimumVisualStudioVersion = 10.0.40219.1
Project("{FAE04EC0-301F-11D3-BF4B-00C04F79EFBC}") = "prjWinCsCalculator", "prjWinCsCalculator\prjWinCsCalculator.csproj", "{BAEE3CDA-E2D9-41E4-8FC6-C6924A2263B0}"
EndProject
Global
	GlobalSection(SolutionConfigurationPlatforms) = preSolution
		Debug|Any CPU = Debug|Any CPU
		Release|Any CPU = Release|Any CPU
	EndGlobalSection
	GlobalSection(ProjectConfigurationPlatforms) = postSolution
		{BAEE3CDA-E2D9-41E4-8FC6-C6924A2263B0}.Debug|Any CPU.ActiveCfg = Debug|Any CPU
		{BAEE3CDA-E2D9-41E4-8FC6-C6924A2263B0}.Debug|Any CPU.Build.0 = Debug|Any CPU
		{BAEE3CDA-E2D9-41E4-8FC6-C6924A2263B0}.Release|Any CPU.ActiveCfg = Release|Any CPU
		{BAEE3CDA-E2D9-41E4-8FC6-C6924A2263B0}.Release|Any CPU.Build.0 = Release|Any CPU
	EndGlobalSection
	GlobalSection(SolutionProperties) = preSolution
		HideSolutionNode = FALSE
	EndGlobalSection
	GlobalSection(ExtensibilityGlobals) = postSolution
		SolutionGuid = {3738E4E5-877E-427E-B311-39D628132D32}
	EndGlobalSection
EndGlobal
